
Microsoft Visual Studio Solution File, Format Version 12.00
# Visual Studio 15
VisualStudioVersion = 15.0.27703.2026
MinimumVisualStudioVersion = 10.0.40219.1
Project("{FAE04EC0-301F-11D3-BF4B-00C04F79EFBC}") = "WebApp", "WebApp\WebApp.csproj", "{02839804-DB7D-437F-BBC7-4DAA487E04DA}"
EndProject
Project("{FAE04EC0-301F-11D3-BF4B-00C04F79EFBC}") = "NorthWindSystem", "NorthWindSystem\NorthWindSystem.csproj", "{13991899-D9BB-430A-93A8-1D0E326067E8}"
EndProject
Project("{FAE04EC0-301F-11D3-BF4B-00C04F79EFBC}") = "NorthWind.Data", "NorthWind.Data\NorthWind.Data.csproj", "{494825A4-2C59-4B7A-8FA5-62B85AE0352E}"
EndProject
Global
	GlobalSection(SolutionConfigurationPlatforms) = preSolution
		Debug|Any CPU = Debug|Any CPU
		Release|Any CPU = Release|Any CPU
	EndGlobalSection
	GlobalSection(ProjectConfigurationPlatforms) = postSolution
		{02839804-DB7D-437F-BBC7-4DAA487E04DA}.Debug|Any CPU.ActiveCfg = Debug|Any CPU
		{02839804-DB7D-437F-BBC7-4DAA487E04DA}.Debug|Any CPU.Build.0 = Debug|Any CPU
		{02839804-DB7D-437F-BBC7-4DAA487E04DA}.Release|Any CPU.ActiveCfg = Release|Any CPU
		{02839804-DB7D-437F-BBC7-4DAA487E04DA}.Release|Any CPU.Build.0 = Release|Any CPU
		{13991899-D9BB-430A-93A8-1D0E326067E8}.Debug|Any CPU.ActiveCfg = Debug|Any CPU
		{13991899-D9BB-430A-93A8-1D0E326067E8}.Debug|Any CPU.Build.0 = Debug|Any CPU
		{13991899-D9BB-430A-93A8-1D0E326067E8}.Release|Any CPU.ActiveCfg = Release|Any CPU
		{13991899-D9BB-430A-93A8-1D0E326067E8}.Release|Any CPU.Build.0 = Release|Any CPU
		{494825A4-2C59-4B7A-8FA5-62B85AE0352E}.Debug|Any CPU.ActiveCfg = Debug|Any CPU
		{494825A4-2C59-4B7A-8FA5-62B85AE0352E}.Debug|Any CPU.Build.0 = Debug|Any CPU
		{494825A4-2C59-4B7A-8FA5-62B85AE0352E}.Release|Any CPU.ActiveCfg = Release|Any CPU
		{494825A4-2C59-4B7A-8FA5-62B85AE0352E}.Release|Any CPU.Build.0 = Release|Any CPU
	EndGlobalSection
	GlobalSection(SolutionProperties) = preSolution
		HideSolutionNode = FALSE
	EndGlobalSection
	GlobalSection(ExtensibilityGlobals) = postSolution
		SolutionGuid = {9ABC1DA7-8EFC-4013-9842-F7A0C1882648}
	EndGlobalSection
EndGlobal
